
Microsoft Visual Studio Solution File, Format Version 12.00
# Visual Studio 15
VisualStudioVersion = 15.0.28010.2036
MinimumVisualStudioVersion = 10.0.40219.1
Project("{FAE04EC0-301F-11D3-BF4B-00C04F79EFBC}") = "DataAccess", "DataAccess\DataAccess.csproj", "{CD21E336-7DF1-4FEE-98A5-DF715F1417B0}"
EndProject
Project("{FAE04EC0-301F-11D3-BF4B-00C04F79EFBC}") = "Business", "Business\Business.csproj", "{40566EC9-A319-4410-BACC-C29D743F2295}"
EndProject
Project("{FAE04EC0-301F-11D3-BF4B-00C04F79EFBC}") = "ConsoleUI", "ConsoleUI\ConsoleUI.csproj", "{D9BD9BD9-1117-4B5A-8C58-4BAAD32E73E5}"
EndProject
Project("{FAE04EC0-301F-11D3-BF4B-00C04F79EFBC}") = "Entities", "Entities\Entities.csproj", "{CC54D4D9-257C-43C9-AB92-2719EE09329D}"
EndProject
Project("{FAE04EC0-301F-11D3-BF4B-00C04F79EFBC}") = "Core", "Core\Core.csproj", "{EF6E6821-9198-4E24-9736-14D78CEDE4DC}"
EndProject
Global
	GlobalSection(SolutionConfigurationPlatforms) = preSolution
		Debug|Any CPU = Debug|Any CPU
		Release|Any CPU = Release|Any CPU
	EndGlobalSection
	GlobalSection(ProjectConfigurationPlatforms) = postSolution
		{CD21E336-7DF1-4FEE-98A5-DF715F1417B0}.Debug|Any CPU.ActiveCfg = Debug|Any CPU
		{CD21E336-7DF1-4FEE-98A5-DF715F1417B0}.Debug|Any CPU.Build.0 = Debug|Any CPU
		{CD21E336-7DF1-4FEE-98A5-DF715F1417B0}.Release|Any CPU.ActiveCfg = Release|Any CPU
		{CD21E336-7DF1-4FEE-98A5-DF715F1417B0}.Release|Any CPU.Build.0 = Release|Any CPU
		{40566EC9-A319-4410-BACC-C29D743F2295}.Debug|Any CPU.ActiveCfg = Debug|Any CPU
		{40566EC9-A319-4410-BACC-C29D743F2295}.Debug|Any CPU.Build.0 = Debug|Any CPU
		{40566EC9-A319-4410-BACC-C29D743F2295}.Release|Any CPU.ActiveCfg = Release|Any CPU
		{40566EC9-A319-4410-BACC-C29D743F2295}.Release|Any CPU.Build.0 = Release|Any CPU
		{D9BD9BD9-1117-4B5A-8C58-4BAAD32E73E5}.Debug|Any CPU.ActiveCfg = Debug|Any CPU
		{D9BD9BD9-1117-4B5A-8C58-4BAAD32E73E5}.Debug|Any CPU.Build.0 = Debug|Any CPU
		{D9BD9BD9-1117-4B5A-8C58-4BAAD32E73E5}.Release|Any CPU.ActiveCfg = Release|Any CPU
		{D9BD9BD9-1117-4B5A-8C58-4BAAD32E73E5}.Release|Any CPU.Build.0 = Release|Any CPU
		{CC54D4D9-257C-43C9-AB92-2719EE09329D}.Debug|Any CPU.ActiveCfg = Debug|Any CPU
		{CC54D4D9-257C-43C9-AB92-2719EE09329D}.Debug|Any CPU.Build.0 = Debug|Any CPU
		{CC54D4D9-257C-43C9-AB92-2719EE09329D}.Release|Any CPU.ActiveCfg = Release|Any CPU
		{CC54D4D9-257C-43C9-AB92-2719EE09329D}.Release|Any CPU.Build.0 = Release|Any CPU
		{EF6E6821-9198-4E24-9736-14D78CEDE4DC}.Debug|Any CPU.ActiveCfg = Debug|Any CPU
		{EF6E6821-9198-4E24-9736-14D78CEDE4DC}.Debug|Any CPU.Build.0 = Debug|Any CPU
		{EF6E6821-9198-4E24-9736-14D78CEDE4DC}.Release|Any CPU.ActiveCfg = Release|Any CPU
		{EF6E6821-9198-4E24-9736-14D78CEDE4DC}.Release|Any CPU.Build.0 = Release|Any CPU
	EndGlobalSection
	GlobalSection(SolutionProperties) = preSolution
		HideSolutionNode = FALSE
	EndGlobalSection
	GlobalSection(ExtensibilityGlobals) = postSolution
		SolutionGuid = {51002976-D1DA-4BE0-86A4-4264E0DD7558}
	EndGlobalSection
EndGlobal
